{
  "version": 4,
  "terraform_version": "1.5.2",
  "serial": 226,
  "lineage": "5c62e607-7134-a855-0e97-d1797e2a3f59",
  "outputs": {
    "azurerm_application_insights": {
      "value": "bcd1e05a-0cea-4b22-be8b-ece4a34d2c0d",
      "type": "string",
      "sensitive": true
    },
    "azurerm_key_vault_secret": {
      "value": "https://snd-uat-abc-key-valut.vault.azure.net/secrets/DatabaseConnectionString/ada9a545067b400184d68591b717d579",
      "type": "string",
      "sensitive": true
    }
  },
  "resources": [
    {
      "mode": "managed",
      "type": "azurerm_app_service",
      "name": "apiapp",
      "provider": "provider[\"registry.terraform.io/hashicorp/azurerm\"]",
      "instances": [
        {
          "schema_version": 0,
          "attributes": {
            "app_service_plan_id": "/subscriptions/11e07d93-b7de-44c1-b006-7218b5fb3180/resourceGroups/snd-uat-abc-rg/providers/Microsoft.Web/serverfarms/snd-uat-abc-plan",
            "app_settings": {
              "APPINSIGHTS_INSTRUMENTATIONKEY": "7f9cdb86-945a-45b3-bba7-608b96fcb6ba"
            },
            "auth_settings": [
              {
                "active_directory": [],
                "additional_login_params": {},
                "allowed_external_redirect_urls": [],
                "default_provider": "",
                "enabled": false,
                "facebook": [],
                "google": [],
                "issuer": "",
                "microsoft": [],
                "runtime_version": "",
                "token_refresh_extension_hours": 0,
                "token_store_enabled": false,
                "twitter": [],
                "unauthenticated_client_action": ""
              }
            ],
            "backup": [],
            "client_affinity_enabled": false,
            "client_cert_enabled": false,
            "client_cert_mode": "Required",
            "connection_string": [
              {
                "name": "MyDbConnection",
                "type": "SQLServer",
                "value": "Server=tcp:snd-uat-abc-server.database.windows.net, 1433;Initial Catalog=snd-uat-abc-db;Persist Security Info=False;User ID=snpadmin;Password=snp@1234;MultipleActiveResultSets=False;Encrypt=True;TrustServerCertificate=False;Connection Timeout=30;"
              }
            ],
            "custom_domain_verification_id": "5BC17615403FFE9BDEEACAD22DC925CFFEA3F4B45A5A48B7E05A4D7206E46A5C",
            "default_site_hostname": "snd-uat-abc-api-app.azurewebsites.net",
            "enabled": true,
            "https_only": false,
            "id": "/subscriptions/11e07d93-b7de-44c1-b006-7218b5fb3180/resourceGroups/snd-uat-abc-rg/providers/Microsoft.Web/sites/snd-uat-abc-api-app",
            "identity": [],
            "key_vault_reference_identity_id": "SystemAssigned",
            "location": "eastus",
            "logs": [
              {
                "application_logs": [
                  {
                    "azure_blob_storage": [],
                    "file_system_level": "Off"
                  }
                ],
                "detailed_error_messages_enabled": false,
                "failed_request_tracing_enabled": false,
                "http_logs": [
                  {
                    "azure_blob_storage": [],
                    "file_system": []
                  }
                ]
              }
            ],
            "name": "snd-uat-abc-api-app",
            "outbound_ip_address_list": [
              "20.127.254.244",
              "20.241.172.75",
              "20.253.3.212",
              "20.253.4.35",
              "20.253.4.110",
              "20.253.4.148",
              "20.119.16.41"
            ],
            "outbound_ip_addresses": "20.127.254.244,20.241.172.75,20.253.3.212,20.253.4.35,20.253.4.110,20.253.4.148,20.119.16.41",
            "possible_outbound_ip_address_list": [
              "20.127.254.244",
              "20.241.172.75",
              "20.253.3.212",
              "20.253.4.35",
              "20.253.4.110",
              "20.253.4.148",
              "20.253.4.159",
              "20.253.3.118",
              "20.253.3.123",
              "20.253.4.161",
              "20.253.4.172",
              "20.253.4.195",
              "20.253.4.227",
              "20.253.4.228",
              "20.253.4.245",
              "20.253.5.18",
              "20.253.5.22",
              "20.241.168.150",
              "20.253.5.25",
              "20.241.168.165",
              "20.241.174.52",
              "20.253.3.102",
              "20.253.2.82",
              "20.253.3.51",
              "20.253.2.86",
              "20.253.3.22",
              "20.253.5.93",
              "20.253.1.46",
              "20.253.2.77",
              "20.241.171.135",
              "20.119.16.41"
            ],
            "possible_outbound_ip_addresses": "20.127.254.244,20.241.172.75,20.253.3.212,20.253.4.35,20.253.4.110,20.253.4.148,20.253.4.159,20.253.3.118,20.253.3.123,20.253.4.161,20.253.4.172,20.253.4.195,20.253.4.227,20.253.4.228,20.253.4.245,20.253.5.18,20.253.5.22,20.241.168.150,20.253.5.25,20.241.168.165,20.241.174.52,20.253.3.102,20.253.2.82,20.253.3.51,20.253.2.86,20.253.3.22,20.253.5.93,20.253.1.46,20.253.2.77,20.241.171.135,20.119.16.41",
            "resource_group_name": "snd-uat-abc-rg",
            "site_config": [
              {
                "acr_use_managed_identity_credentials": false,
                "acr_user_managed_identity_client_id": "",
                "always_on": true,
                "app_command_line": "",
                "auto_swap_slot_name": "",
                "cors": [
                  {
                    "allowed_origins": [],
                    "support_credentials": false
                  }
                ],
                "default_documents": [],
                "dotnet_framework_version": "v4.0",
                "ftps_state": "FtpsOnly",
                "health_check_path": "",
                "http2_enabled": false,
                "ip_restriction": [],
                "java_container": "",
                "java_container_version": "",
                "java_version": "",
                "linux_fx_version": "",
                "local_mysql_enabled": false,
                "managed_pipeline_mode": "Integrated",
                "min_tls_version": "1.2",
                "number_of_workers": 1,
                "php_version": "",
                "python_version": "",
                "remote_debugging_enabled": false,
                "remote_debugging_version": "VS2019",
                "scm_ip_restriction": [],
                "scm_type": "None",
                "scm_use_main_ip_restriction": false,
                "use_32_bit_worker_process": false,
                "vnet_route_all_enabled": false,
                "websockets_enabled": false,
                "windows_fx_version": ""
              }
            ],
            "site_credential": [
              {
                "password": "kor9fbDRvCkupYRAtAuYuuWNkZ0axlARuduteoko90P7DmHAlSknmf3i4E4p",
                "username": "$snd-uat-abc-api-app"
              }
            ],
            "source_control": [
              {
                "branch": "main",
                "manual_integration": false,
                "repo_url": "",
                "rollback_enabled": false,
                "use_mercurial": false
              }
            ],
            "storage_account": [],
            "tags": {
              "Application": "CSP",
              "CreatedOn": "26JUL2023",
              "Owner": "nc",
              "department": "Infra \u0026 Apps",
              "environment": "dev"
            },
            "timeouts": null
          },
          "sensitive_attributes": [
            [
              {
                "type": "get_attr",
                "value": "connection_string"
              }
            ],
            [
              {
                "type": "get_attr",
                "value": "app_settings"
              },
              {
                "type": "index",
                "value": {
                  "value": "APPINSIGHTS_INSTRUMENTATIONKEY",
                  "type": "string"
                }
              }
            ]
          ],
          "private": "eyJlMmJmYjczMC1lY2FhLTExZTYtOGY4OC0zNDM2M2JjN2M0YzAiOnsiY3JlYXRlIjoxODAwMDAwMDAwMDAwLCJkZWxldGUiOjE4MDAwMDAwMDAwMDAsInJlYWQiOjMwMDAwMDAwMDAwMCwidXBkYXRlIjoxODAwMDAwMDAwMDAwfX0=",
          "dependencies": [
            "azurerm_app_service_plan.plantest",
            "azurerm_application_insights.appi",
            "azurerm_log_analytics_workspace.logs",
            "azurerm_mssql_database.db",
            "azurerm_mssql_server.serverdemo",
            "azurerm_resource_group.rg"
          ]
        }
      ]
    },
    {
      "mode": "managed",
      "type": "azurerm_app_service",
      "name": "webapp",
      "provider": "provider[\"registry.terraform.io/hashicorp/azurerm\"]",
      "instances": [
        {
          "schema_version": 0,
          "attributes": {
            "app_service_plan_id": "/subscriptions/11e07d93-b7de-44c1-b006-7218b5fb3180/resourceGroups/snd-uat-abc-rg/providers/Microsoft.Web/serverfarms/snd-uat-abc-plan",
            "app_settings": {
              "APPINSIGHTS_INSTRUMENTATIONKEY": "bcd1e05a-0cea-4b22-be8b-ece4a34d2c0d"
            },
            "auth_settings": [
              {
                "active_directory": [],
                "additional_login_params": {},
                "allowed_external_redirect_urls": [],
                "default_provider": "",
                "enabled": false,
                "facebook": [],
                "google": [],
                "issuer": "",
                "microsoft": [],
                "runtime_version": "",
                "token_refresh_extension_hours": 0,
                "token_store_enabled": false,
                "twitter": [],
                "unauthenticated_client_action": ""
              }
            ],
            "backup": [],
            "client_affinity_enabled": false,
            "client_cert_enabled": false,
            "client_cert_mode": "Required",
            "connection_string": [],
            "custom_domain_verification_id": "5BC17615403FFE9BDEEACAD22DC925CFFEA3F4B45A5A48B7E05A4D7206E46A5C",
            "default_site_hostname": "snd-uat-abc-web-api.azurewebsites.net",
            "enabled": true,
            "https_only": false,
            "id": "/subscriptions/11e07d93-b7de-44c1-b006-7218b5fb3180/resourceGroups/snd-uat-abc-rg/providers/Microsoft.Web/sites/snd-uat-abc-web-api",
            "identity": [],
            "key_vault_reference_identity_id": "SystemAssigned",
            "location": "eastus",
            "logs": [
              {
                "application_logs": [
                  {
                    "azure_blob_storage": [],
                    "file_system_level": "Off"
                  }
                ],
                "detailed_error_messages_enabled": false,
                "failed_request_tracing_enabled": false,
                "http_logs": [
                  {
                    "azure_blob_storage": [],
                    "file_system": []
                  }
                ]
              }
            ],
            "name": "snd-uat-abc-web-api",
            "outbound_ip_address_list": [
              "20.127.254.244",
              "20.241.172.75",
              "20.253.3.212",
              "20.253.4.35",
              "20.253.4.110",
              "20.253.4.148",
              "20.119.16.41"
            ],
            "outbound_ip_addresses": "20.127.254.244,20.241.172.75,20.253.3.212,20.253.4.35,20.253.4.110,20.253.4.148,20.119.16.41",
            "possible_outbound_ip_address_list": [
              "20.127.254.244",
              "20.241.172.75",
              "20.253.3.212",
              "20.253.4.35",
              "20.253.4.110",
              "20.253.4.148",
              "20.253.4.159",
              "20.253.3.118",
              "20.253.3.123",
              "20.253.4.161",
              "20.253.4.172",
              "20.253.4.195",
              "20.253.4.227",
              "20.253.4.228",
              "20.253.4.245",
              "20.253.5.18",
              "20.253.5.22",
              "20.241.168.150",
              "20.253.5.25",
              "20.241.168.165",
              "20.241.174.52",
              "20.253.3.102",
              "20.253.2.82",
              "20.253.3.51",
              "20.253.2.86",
              "20.253.3.22",
              "20.253.5.93",
              "20.253.1.46",
              "20.253.2.77",
              "20.241.171.135",
              "20.119.16.41"
            ],
            "possible_outbound_ip_addresses": "20.127.254.244,20.241.172.75,20.253.3.212,20.253.4.35,20.253.4.110,20.253.4.148,20.253.4.159,20.253.3.118,20.253.3.123,20.253.4.161,20.253.4.172,20.253.4.195,20.253.4.227,20.253.4.228,20.253.4.245,20.253.5.18,20.253.5.22,20.241.168.150,20.253.5.25,20.241.168.165,20.241.174.52,20.253.3.102,20.253.2.82,20.253.3.51,20.253.2.86,20.253.3.22,20.253.5.93,20.253.1.46,20.253.2.77,20.241.171.135,20.119.16.41",
            "resource_group_name": "snd-uat-abc-rg",
            "site_config": [
              {
                "acr_use_managed_identity_credentials": false,
                "acr_user_managed_identity_client_id": "",
                "always_on": true,
                "app_command_line": "",
                "auto_swap_slot_name": "",
                "cors": [
                  {
                    "allowed_origins": [],
                    "support_credentials": false
                  }
                ],
                "default_documents": [],
                "dotnet_framework_version": "v4.0",
                "ftps_state": "FtpsOnly",
                "health_check_path": "",
                "http2_enabled": false,
                "ip_restriction": [],
                "java_container": "",
                "java_container_version": "",
                "java_version": "",
                "linux_fx_version": "",
                "local_mysql_enabled": false,
                "managed_pipeline_mode": "Integrated",
                "min_tls_version": "1.2",
                "number_of_workers": 1,
                "php_version": "",
                "python_version": "",
                "remote_debugging_enabled": false,
                "remote_debugging_version": "VS2019",
                "scm_ip_restriction": [],
                "scm_type": "None",
                "scm_use_main_ip_restriction": false,
                "use_32_bit_worker_process": false,
                "vnet_route_all_enabled": false,
                "websockets_enabled": false,
                "windows_fx_version": ""
              }
            ],
            "site_credential": [
              {
                "password": "Xmfefv4oZW4u3CW3tH1rSvLRykyq3X0PqhsFb29frqjua5gfZJNxMt290C7L",
                "username": "$snd-uat-abc-web-api"
              }
            ],
            "source_control": [
              {
                "branch": "main",
                "manual_integration": false,
                "repo_url": "",
                "rollback_enabled": false,
                "use_mercurial": false
              }
            ],
            "storage_account": [],
            "tags": {
              "Application": "CSP",
              "CreatedOn": "26JUL2023",
              "Owner": "nc",
              "department": "Infra \u0026 Apps",
              "environment": "dev"
            },
            "timeouts": null
          },
          "sensitive_attributes": [
            [
              {
                "type": "get_attr",
                "value": "app_settings"
              },
              {
                "type": "index",
                "value": {
                  "value": "APPINSIGHTS_INSTRUMENTATIONKEY",
                  "type": "string"
                }
              }
            ]
          ],
          "private": "eyJlMmJmYjczMC1lY2FhLTExZTYtOGY4OC0zNDM2M2JjN2M0YzAiOnsiY3JlYXRlIjoxODAwMDAwMDAwMDAwLCJkZWxldGUiOjE4MDAwMDAwMDAwMDAsInJlYWQiOjMwMDAwMDAwMDAwMCwidXBkYXRlIjoxODAwMDAwMDAwMDAwfX0=",
          "dependencies": [
            "azurerm_app_service_plan.plantest",
            "azurerm_application_insights.webappi",
            "azurerm_log_analytics_workspace.logs",
            "azurerm_mssql_database.db",
            "azurerm_mssql_server.serverdemo",
            "azurerm_resource_group.rg"
          ]
        }
      ]
    },
    {
      "mode": "managed",
      "type": "azurerm_app_service_plan",
      "name": "plantest",
      "provider": "provider[\"registry.terraform.io/hashicorp/azurerm\"]",
      "instances": [
        {
          "schema_version": 0,
          "attributes": {
            "app_service_environment_id": "",
            "id": "/subscriptions/11e07d93-b7de-44c1-b006-7218b5fb3180/resourceGroups/snd-uat-abc-rg/providers/Microsoft.Web/serverfarms/snd-uat-abc-plan",
            "is_xenon": false,
            "kind": "Windows",
            "location": "eastus",
            "maximum_elastic_worker_count": 1,
            "maximum_number_of_workers": 10,
            "name": "snd-uat-abc-plan",
            "per_site_scaling": false,
            "reserved": false,
            "resource_group_name": "snd-uat-abc-rg",
            "sku": [
              {
                "capacity": 1,
                "size": "S3",
                "tier": "Standard"
              }
            ],
            "tags": {
              "Application": "CSP",
              "CreatedOn": "26JUL2023",
              "Owner": "nc",
              "department": "Infra \u0026 Apps",
              "environment": "dev"
            },
            "timeouts": null,
            "zone_redundant": false
          },
          "sensitive_attributes": [],
          "private": "eyJlMmJmYjczMC1lY2FhLTExZTYtOGY4OC0zNDM2M2JjN2M0YzAiOnsiY3JlYXRlIjozNjAwMDAwMDAwMDAwLCJkZWxldGUiOjM2MDAwMDAwMDAwMDAsInJlYWQiOjMwMDAwMDAwMDAwMCwidXBkYXRlIjozNjAwMDAwMDAwMDAwfX0=",
          "dependencies": [
            "azurerm_resource_group.rg"
          ]
        }
      ]
    },
    {
      "mode": "managed",
      "type": "azurerm_application_insights",
      "name": "appi",
      "provider": "provider[\"registry.terraform.io/hashicorp/azurerm\"]",
      "instances": [
        {
          "schema_version": 1,
          "attributes": {
            "app_id": "e4b18881-c657-4a21-a290-89b30569cc37",
            "application_type": "web",
            "connection_string": "InstrumentationKey=7f9cdb86-945a-45b3-bba7-608b96fcb6ba;IngestionEndpoint=https://eastus-8.in.applicationinsights.azure.com/;LiveEndpoint=https://eastus.livediagnostics.monitor.azure.com/",
            "daily_data_cap_in_gb": 100,
            "daily_data_cap_notifications_disabled": false,
            "disable_ip_masking": false,
            "force_customer_storage_for_profiler": false,
            "id": "/subscriptions/11e07d93-b7de-44c1-b006-7218b5fb3180/resourceGroups/snd-uat-abc-rg/providers/Microsoft.Insights/components/snd-uat-abc-api-appi",
            "instrumentation_key": "7f9cdb86-945a-45b3-bba7-608b96fcb6ba",
            "internet_ingestion_enabled": true,
            "internet_query_enabled": true,
            "local_authentication_disabled": false,
            "location": "eastus",
            "name": "snd-uat-abc-api-appi",
            "resource_group_name": "snd-uat-abc-rg",
            "retention_in_days": 90,
            "sampling_percentage": 100,
            "tags": {
              "Application": "CSP",
              "CreatedOn": "26JUL2023",
              "Owner": "nc",
              "department": "Infra \u0026 Apps",
              "environment": "dev"
            },
            "timeouts": null,
            "workspace_id": "/subscriptions/11e07d93-b7de-44c1-b006-7218b5fb3180/resourceGroups/snd-uat-abc-rg/providers/Microsoft.OperationalInsights/workspaces/snd-uat-abc-logs"
          },
          "sensitive_attributes": [],
          "private": "eyJlMmJmYjczMC1lY2FhLTExZTYtOGY4OC0zNDM2M2JjN2M0YzAiOnsiY3JlYXRlIjozNjAwMDAwMDAwMDAwLCJkZWxldGUiOjE4MDAwMDAwMDAwMDAsInJlYWQiOjMwMDAwMDAwMDAwMCwidXBkYXRlIjoxODAwMDAwMDAwMDAwfSwic2NoZW1hX3ZlcnNpb24iOiIxIn0=",
          "dependencies": [
            "azurerm_log_analytics_workspace.logs",
            "azurerm_mssql_database.db",
            "azurerm_mssql_server.serverdemo",
            "azurerm_resource_group.rg"
          ]
        }
      ]
    },
    {
      "mode": "managed",
      "type": "azurerm_application_insights",
      "name": "webappi",
      "provider": "provider[\"registry.terraform.io/hashicorp/azurerm\"]",
      "instances": [
        {
          "schema_version": 1,
          "attributes": {
            "app_id": "5752109a-7925-43bc-a493-62b855a06d54",
            "application_type": "web",
            "connection_string": "InstrumentationKey=bcd1e05a-0cea-4b22-be8b-ece4a34d2c0d;IngestionEndpoint=https://eastus-8.in.applicationinsights.azure.com/;LiveEndpoint=https://eastus.livediagnostics.monitor.azure.com/",
            "daily_data_cap_in_gb": 100,
            "daily_data_cap_notifications_disabled": false,
            "disable_ip_masking": false,
            "force_customer_storage_for_profiler": false,
            "id": "/subscriptions/11e07d93-b7de-44c1-b006-7218b5fb3180/resourceGroups/snd-uat-abc-rg/providers/Microsoft.Insights/components/snd-uat-abc-web-appi",
            "instrumentation_key": "bcd1e05a-0cea-4b22-be8b-ece4a34d2c0d",
            "internet_ingestion_enabled": true,
            "internet_query_enabled": true,
            "local_authentication_disabled": false,
            "location": "eastus",
            "name": "snd-uat-abc-web-appi",
            "resource_group_name": "snd-uat-abc-rg",
            "retention_in_days": 90,
            "sampling_percentage": 100,
            "tags": {
              "Application": "CSP",
              "CreatedOn": "26JUL2023",
              "Owner": "nc",
              "department": "Infra \u0026 Apps",
              "environment": "dev"
            },
            "timeouts": null,
            "workspace_id": "/subscriptions/11e07d93-b7de-44c1-b006-7218b5fb3180/resourceGroups/snd-uat-abc-rg/providers/Microsoft.OperationalInsights/workspaces/snd-uat-abc-logs"
          },
          "sensitive_attributes": [],
          "private": "eyJlMmJmYjczMC1lY2FhLTExZTYtOGY4OC0zNDM2M2JjN2M0YzAiOnsiY3JlYXRlIjozNjAwMDAwMDAwMDAwLCJkZWxldGUiOjE4MDAwMDAwMDAwMDAsInJlYWQiOjMwMDAwMDAwMDAwMCwidXBkYXRlIjoxODAwMDAwMDAwMDAwfSwic2NoZW1hX3ZlcnNpb24iOiIxIn0=",
          "dependencies": [
            "azurerm_log_analytics_workspace.logs",
            "azurerm_mssql_database.db",
            "azurerm_mssql_server.serverdemo",
            "azurerm_resource_group.rg"
          ]
        }
      ]
    },
    {
      "mode": "managed",
      "type": "azurerm_key_vault",
      "name": "testkey",
      "provider": "provider[\"registry.terraform.io/hashicorp/azurerm\"]",
      "instances": [
        {
          "schema_version": 2,
          "attributes": {
            "access_policy": [
              {
                "application_id": "",
                "certificate_permissions": [],
                "key_permissions": [
                  "Get",
                  "List"
                ],
                "object_id": "daa18dab-3ed1-43b5-b395-60730969fab7",
                "secret_permissions": [
                  "Get",
                  "List"
                ],
                "storage_permissions": [],
                "tenant_id": "30bf9f37-d550-4878-9494-1041656caf27"
              },
              {
                "application_id": "b30bfd9a-8e64-4c5a-ac79-c166d9ae713c",
                "certificate_permissions": [],
                "key_permissions": [],
                "object_id": "7e164819-5d87-4c14-9526-d3777ea956e3",
                "secret_permissions": [
                  "Get",
                  "List",
                  "Set",
                  "Delete",
                  "Recover",
                  "Backup",
                  "Restore"
                ],
                "storage_permissions": [],
                "tenant_id": "30bf9f37-d550-4878-9494-1041656caf27"
              },
              {
                "application_id": "",
                "certificate_permissions": [],
                "key_permissions": [],
                "object_id": "27a71798-d8a0-4a10-8cbe-4efc5628d47f",
                "secret_permissions": [
                  "Get",
                  "List",
                  "Set",
                  "Delete",
                  "Recover",
                  "Backup",
                  "Restore"
                ],
                "storage_permissions": [],
                "tenant_id": "30bf9f37-d550-4878-9494-1041656caf27"
              }
            ],
            "contact": [],
            "enable_rbac_authorization": false,
            "enabled_for_deployment": false,
            "enabled_for_disk_encryption": true,
            "enabled_for_template_deployment": false,
            "id": "/subscriptions/11e07d93-b7de-44c1-b006-7218b5fb3180/resourceGroups/snd-uat-abc-rg/providers/Microsoft.KeyVault/vaults/snd-uat-abc-key-valut",
            "location": "eastus",
            "name": "snd-uat-abc-key-valut",
            "network_acls": [
              {
                "bypass": "AzureServices",
                "default_action": "Allow",
                "ip_rules": [],
                "virtual_network_subnet_ids": []
              }
            ],
            "public_network_access_enabled": true,
            "purge_protection_enabled": false,
            "resource_group_name": "snd-uat-abc-rg",
            "sku_name": "standard",
            "soft_delete_retention_days": 7,
            "tags": {
              "Application": "CSP",
              "CreatedOn": "26JUL2023",
              "Owner": "nc",
              "department": "Infra \u0026 Apps",
              "environment": "dev"
            },
            "tenant_id": "30bf9f37-d550-4878-9494-1041656caf27",
            "timeouts": null,
            "vault_uri": "https://snd-uat-abc-key-valut.vault.azure.net/"
          },
          "sensitive_attributes": [],
          "private": "eyJlMmJmYjczMC1lY2FhLTExZTYtOGY4OC0zNDM2M2JjN2M0YzAiOnsiY3JlYXRlIjoxODAwMDAwMDAwMDAwLCJkZWxldGUiOjE4MDAwMDAwMDAwMDAsInJlYWQiOjMwMDAwMDAwMDAwMCwidXBkYXRlIjoxODAwMDAwMDAwMDAwfSwic2NoZW1hX3ZlcnNpb24iOiIyIn0=",
          "dependencies": [
            "azurerm_resource_group.rg"
          ]
        }
      ]
    },
    {
      "mode": "managed",
      "type": "azurerm_key_vault_access_policy",
      "name": "terrafrom_demo",
      "provider": "provider[\"registry.terraform.io/hashicorp/azurerm\"]",
      "instances": [
        {
          "schema_version": 0,
          "attributes": {
            "application_id": "b30bfd9a-8e64-4c5a-ac79-c166d9ae713c",
            "certificate_permissions": null,
            "id": "/subscriptions/11e07d93-b7de-44c1-b006-7218b5fb3180/resourceGroups/snd-uat-abc-rg/providers/Microsoft.KeyVault/vaults/snd-uat-abc-key-valut/objectId/daa18dab-3ed1-43b5-b395-60730969fab7/applicationId/b30bfd9a-8e64-4c5a-ac79-c166d9ae713c",
            "key_permissions": [
              "Get",
              "List"
            ],
            "key_vault_id": "/subscriptions/11e07d93-b7de-44c1-b006-7218b5fb3180/resourceGroups/snd-uat-abc-rg/providers/Microsoft.KeyVault/vaults/snd-uat-abc-key-valut",
            "object_id": "daa18dab-3ed1-43b5-b395-60730969fab7",
            "secret_permissions": [
              "Get",
              "List"
            ],
            "storage_permissions": null,
            "tenant_id": "30bf9f37-d550-4878-9494-1041656caf27",
            "timeouts": null
          },
          "sensitive_attributes": [],
          "private": "eyJlMmJmYjczMC1lY2FhLTExZTYtOGY4OC0zNDM2M2JjN2M0YzAiOnsiY3JlYXRlIjoxODAwMDAwMDAwMDAwLCJkZWxldGUiOjE4MDAwMDAwMDAwMDAsInJlYWQiOjMwMDAwMDAwMDAwMCwidXBkYXRlIjoxODAwMDAwMDAwMDAwfX0=",
          "dependencies": [
            "azurerm_key_vault.testkey"
          ]
        }
      ]
    },
    {
      "mode": "managed",
      "type": "azurerm_key_vault_secret",
      "name": "connection_string",
      "provider": "provider[\"registry.terraform.io/hashicorp/azurerm\"]",
      "instances": [
        {
          "schema_version": 0,
          "attributes": {
            "content_type": "",
            "expiration_date": null,
            "id": "https://snd-uat-abc-key-valut.vault.azure.net/secrets/DatabaseConnectionString/ada9a545067b400184d68591b717d579",
            "key_vault_id": "/subscriptions/11e07d93-b7de-44c1-b006-7218b5fb3180/resourceGroups/snd-uat-abc-rg/providers/Microsoft.KeyVault/vaults/snd-uat-abc-key-valut",
            "name": "DatabaseConnectionString",
            "not_before_date": null,
            "resource_id": "/subscriptions/11e07d93-b7de-44c1-b006-7218b5fb3180/resourceGroups/snd-uat-abc-rg/providers/Microsoft.KeyVault/vaults/snd-uat-abc-key-valut/secrets/DatabaseConnectionString/versions/ada9a545067b400184d68591b717d579",
            "resource_versionless_id": "/subscriptions/11e07d93-b7de-44c1-b006-7218b5fb3180/resourceGroups/snd-uat-abc-rg/providers/Microsoft.KeyVault/vaults/snd-uat-abc-key-valut/secrets/DatabaseConnectionString",
            "tags": {},
            "timeouts": null,
            "value": "Server=tcp:snd-uat-abc-server.database.windows.net, 1433;Initial Catalog=snd-uat-abc-db;Persist Security Info=False;User ID=snpadmin;Password=snp@1234;MultipleActiveResultSets=False;Encrypt=True;TrustServerCertificate=False;Connection Timeout=30;",
            "version": "ada9a545067b400184d68591b717d579",
            "versionless_id": "https://snd-uat-abc-key-valut.vault.azure.net/secrets/DatabaseConnectionString"
          },
          "sensitive_attributes": [
            [
              {
                "type": "get_attr",
                "value": "value"
              }
            ]
          ],
          "private": "eyJlMmJmYjczMC1lY2FhLTExZTYtOGY4OC0zNDM2M2JjN2M0YzAiOnsiY3JlYXRlIjoxODAwMDAwMDAwMDAwLCJkZWxldGUiOjE4MDAwMDAwMDAwMDAsInJlYWQiOjE4MDAwMDAwMDAwMDAsInVwZGF0ZSI6MTgwMDAwMDAwMDAwMH19",
          "dependencies": [
            "azurerm_key_vault.testkey",
            "azurerm_mssql_database.db",
            "azurerm_mssql_server.serverdemo",
            "azurerm_resource_group.rg"
          ]
        }
      ]
    },
    {
      "mode": "managed",
      "type": "azurerm_key_vault_secret",
      "name": "instrumentation_key1",
      "provider": "provider[\"registry.terraform.io/hashicorp/azurerm\"]",
      "instances": [
        {
          "schema_version": 0,
          "attributes": {
            "content_type": "",
            "expiration_date": null,
            "id": "https://snd-uat-abc-key-valut.vault.azure.net/secrets/Instrumentationkey/66c8b04290b64efbaf61b9ad3198b919",
            "key_vault_id": "/subscriptions/11e07d93-b7de-44c1-b006-7218b5fb3180/resourceGroups/snd-uat-abc-rg/providers/Microsoft.KeyVault/vaults/snd-uat-abc-key-valut",
            "name": "Instrumentationkey",
            "not_before_date": null,
            "resource_id": "/subscriptions/11e07d93-b7de-44c1-b006-7218b5fb3180/resourceGroups/snd-uat-abc-rg/providers/Microsoft.KeyVault/vaults/snd-uat-abc-key-valut/secrets/Instrumentationkey/versions/66c8b04290b64efbaf61b9ad3198b919",
            "resource_versionless_id": "/subscriptions/11e07d93-b7de-44c1-b006-7218b5fb3180/resourceGroups/snd-uat-abc-rg/providers/Microsoft.KeyVault/vaults/snd-uat-abc-key-valut/secrets/Instrumentationkey",
            "tags": {},
            "timeouts": null,
            "value": "bcd1e05a-0cea-4b22-be8b-ece4a34d2c0d",
            "version": "66c8b04290b64efbaf61b9ad3198b919",
            "versionless_id": "https://snd-uat-abc-key-valut.vault.azure.net/secrets/Instrumentationkey"
          },
          "sensitive_attributes": [
            [
              {
                "type": "get_attr",
                "value": "value"
              }
            ]
          ],
          "private": "eyJlMmJmYjczMC1lY2FhLTExZTYtOGY4OC0zNDM2M2JjN2M0YzAiOnsiY3JlYXRlIjoxODAwMDAwMDAwMDAwLCJkZWxldGUiOjE4MDAwMDAwMDAwMDAsInJlYWQiOjE4MDAwMDAwMDAwMDAsInVwZGF0ZSI6MTgwMDAwMDAwMDAwMH19",
          "dependencies": [
            "azurerm_application_insights.webappi",
            "azurerm_key_vault.testkey",
            "azurerm_log_analytics_workspace.logs",
            "azurerm_mssql_database.db",
            "azurerm_mssql_server.serverdemo",
            "azurerm_resource_group.rg"
          ]
        }
      ]
    },
    {
      "mode": "managed",
      "type": "azurerm_log_analytics_workspace",
      "name": "logs",
      "provider": "provider[\"registry.terraform.io/hashicorp/azurerm\"]",
      "instances": [
        {
          "schema_version": 3,
          "attributes": {
            "allow_resource_only_permissions": true,
            "cmk_for_query_forced": false,
            "daily_quota_gb": -1,
            "id": "/subscriptions/11e07d93-b7de-44c1-b006-7218b5fb3180/resourceGroups/snd-uat-abc-rg/providers/Microsoft.OperationalInsights/workspaces/snd-uat-abc-logs",
            "internet_ingestion_enabled": true,
            "internet_query_enabled": true,
            "local_authentication_disabled": false,
            "location": "eastus",
            "name": "snd-uat-abc-logs",
            "primary_shared_key": "BaoNutKagjiKhhHzEEf19XPSy+dm6+OYHzEY0V/eVhs2aTU4qYMe1xRd234tak3J/KdomZUZ5moLo0QP2ttDRA==",
            "reservation_capacity_in_gb_per_day": null,
            "resource_group_name": "snd-uat-abc-rg",
            "retention_in_days": 30,
            "secondary_shared_key": "fVAYmMvduvItxIeOT2qm2B3xf8TI65Fn9O52udnZmu1at/f1GOVfOUa/AM79jD+8Ij/K8kkf18lb9RVphno38w==",
            "sku": "PerGB2018",
            "tags": {
              "Application": "CSP",
              "CreatedOn": "26JUL2023",
              "Owner": "nc",
              "department": "Infra \u0026 Apps",
              "environment": "dev"
            },
            "timeouts": null,
            "workspace_id": "88ca77de-ee46-4637-89da-8a38b8255f63"
          },
          "sensitive_attributes": [],
          "private": "eyJlMmJmYjczMC1lY2FhLTExZTYtOGY4OC0zNDM2M2JjN2M0YzAiOnsiY3JlYXRlIjoxODAwMDAwMDAwMDAwLCJkZWxldGUiOjE4MDAwMDAwMDAwMDAsInJlYWQiOjMwMDAwMDAwMDAwMCwidXBkYXRlIjoxODAwMDAwMDAwMDAwfSwic2NoZW1hX3ZlcnNpb24iOiIzIn0=",
          "dependencies": [
            "azurerm_mssql_database.db",
            "azurerm_mssql_server.serverdemo",
            "azurerm_resource_group.rg"
          ]
        }
      ]
    },
    {
      "mode": "managed",
      "type": "azurerm_mssql_database",
      "name": "db",
      "provider": "provider[\"registry.terraform.io/hashicorp/azurerm\"]",
      "instances": [
        {
          "schema_version": 1,
          "attributes": {
            "auto_pause_delay_in_minutes": 0,
            "collation": "SQL_Latin1_General_CP1_CI_AS",
            "create_mode": "Default",
            "creation_source_database_id": null,
            "elastic_pool_id": "",
            "geo_backup_enabled": true,
            "id": "/subscriptions/11e07d93-b7de-44c1-b006-7218b5fb3180/resourceGroups/snd-uat-abc-rg/providers/Microsoft.Sql/servers/snd-uat-abc-server/databases/snd-uat-abc-db",
            "import": [],
            "ledger_enabled": false,
            "license_type": "LicenseIncluded",
            "long_term_retention_policy": [
              {
                "monthly_retention": "PT0S",
                "week_of_year": 1,
                "weekly_retention": "PT0S",
                "yearly_retention": "PT0S"
              }
            ],
            "maintenance_configuration_name": "SQL_Default",
            "max_size_gb": 250,
            "min_capacity": 0,
            "name": "snd-uat-abc-db",
            "read_replica_count": 0,
            "read_scale": false,
            "recover_database_id": null,
            "restore_dropped_database_id": null,
            "restore_point_in_time": null,
            "sample_name": null,
            "server_id": "/subscriptions/11e07d93-b7de-44c1-b006-7218b5fb3180/resourceGroups/snd-uat-abc-rg/providers/Microsoft.Sql/servers/snd-uat-abc-server",
            "short_term_retention_policy": [
              {
                "backup_interval_in_hours": 12,
                "retention_days": 7
              }
            ],
            "sku_name": "GP_Gen5_2",
            "storage_account_type": "Geo",
            "tags": {
              "Application": "CSP",
              "CreatedOn": "26JUL2023",
              "Owner": "nc",
              "department": "Infra \u0026 Apps",
              "environment": "dev"
            },
            "threat_detection_policy": [
              {
                "disabled_alerts": [],
                "email_account_admins": "Disabled",
                "email_addresses": [],
                "retention_days": 0,
                "state": "Disabled",
                "storage_account_access_key": "",
                "storage_endpoint": ""
              }
            ],
            "timeouts": null,
            "transparent_data_encryption_enabled": true,
            "zone_redundant": false
          },
          "sensitive_attributes": [],
          "private": "eyJlMmJmYjczMC1lY2FhLTExZTYtOGY4OC0zNDM2M2JjN2M0YzAiOnsiY3JlYXRlIjozNjAwMDAwMDAwMDAwLCJkZWxldGUiOjM2MDAwMDAwMDAwMDAsInJlYWQiOjMwMDAwMDAwMDAwMCwidXBkYXRlIjozNjAwMDAwMDAwMDAwfSwic2NoZW1hX3ZlcnNpb24iOiIxIn0=",
          "dependencies": [
            "azurerm_mssql_server.serverdemo",
            "azurerm_resource_group.rg"
          ]
        }
      ]
    },
    {
      "mode": "managed",
      "type": "azurerm_mssql_server",
      "name": "serverdemo",
      "provider": "provider[\"registry.terraform.io/hashicorp/azurerm\"]",
      "instances": [
        {
          "schema_version": 0,
          "attributes": {
            "administrator_login": "snpadmin",
            "administrator_login_password": "snp@1234",
            "azuread_administrator": [],
            "connection_policy": "Default",
            "fully_qualified_domain_name": "snd-uat-abc-server.database.windows.net",
            "id": "/subscriptions/11e07d93-b7de-44c1-b006-7218b5fb3180/resourceGroups/snd-uat-abc-rg/providers/Microsoft.Sql/servers/snd-uat-abc-server",
            "identity": [],
            "location": "eastus",
            "minimum_tls_version": "1.2",
            "name": "snd-uat-abc-server",
            "outbound_network_restriction_enabled": false,
            "primary_user_assigned_identity_id": "",
            "public_network_access_enabled": true,
            "resource_group_name": "snd-uat-abc-rg",
            "restorable_dropped_database_ids": [],
            "tags": {
              "Application": "CSP",
              "CreatedOn": "26JUL2023",
              "Owner": "nc",
              "department": "Infra \u0026 Apps",
              "environment": "dev"
            },
            "timeouts": null,
            "transparent_data_encryption_key_vault_key_id": "",
            "version": "12.0"
          },
          "sensitive_attributes": [],
          "private": "eyJlMmJmYjczMC1lY2FhLTExZTYtOGY4OC0zNDM2M2JjN2M0YzAiOnsiY3JlYXRlIjozNjAwMDAwMDAwMDAwLCJkZWxldGUiOjM2MDAwMDAwMDAwMDAsInJlYWQiOjMwMDAwMDAwMDAwMCwidXBkYXRlIjozNjAwMDAwMDAwMDAwfX0=",
          "dependencies": [
            "azurerm_resource_group.rg"
          ]
        }
      ]
    },
    {
      "mode": "managed",
      "type": "azurerm_resource_group",
      "name": "rg",
      "provider": "provider[\"registry.terraform.io/hashicorp/azurerm\"]",
      "instances": [
        {
          "schema_version": 0,
          "attributes": {
            "id": "/subscriptions/11e07d93-b7de-44c1-b006-7218b5fb3180/resourceGroups/snd-uat-abc-rg",
            "location": "eastus",
            "managed_by": "",
            "name": "snd-uat-abc-rg",
            "tags": {},
            "timeouts": null
          },
          "sensitive_attributes": [],
          "private": "eyJlMmJmYjczMC1lY2FhLTExZTYtOGY4OC0zNDM2M2JjN2M0YzAiOnsiY3JlYXRlIjo1NDAwMDAwMDAwMDAwLCJkZWxldGUiOjU0MDAwMDAwMDAwMDAsInJlYWQiOjMwMDAwMDAwMDAwMCwidXBkYXRlIjo1NDAwMDAwMDAwMDAwfX0="
        }
      ]
    },
    {
      "mode": "managed",
      "type": "azurerm_storage_account",
      "name": "sa",
      "provider": "provider[\"registry.terraform.io/hashicorp/azurerm\"]",
      "instances": [
        {
          "schema_version": 4,
          "attributes": {
            "access_tier": "Hot",
            "account_kind": "StorageV2",
            "account_replication_type": "LRS",
            "account_tier": "Standard",
            "allow_nested_items_to_be_public": true,
            "allowed_copy_scope": "",
            "azure_files_authentication": [],
            "blob_properties": [
              {
                "change_feed_enabled": false,
                "change_feed_retention_in_days": 0,
                "container_delete_retention_policy": [],
                "cors_rule": [
                  {
                    "allowed_headers": [
                      "*"
                    ],
                    "allowed_methods": [
                      "GET",
                      "POST",
                      "DELETE",
                      "HEAD",
                      "MERGE",
                      "OPTIONS",
                      "PUT",
                      "PATCH"
                    ],
                    "allowed_origins": [
                      "*"
                    ],
                    "exposed_headers": [
                      "*"
                    ],
                    "max_age_in_seconds": 86400
                  }
                ],
                "default_service_version": "",
                "delete_retention_policy": [],
                "last_access_time_enabled": false,
                "restore_policy": [],
                "versioning_enabled": false
              }
            ],
            "cross_tenant_replication_enabled": true,
            "custom_domain": [],
            "customer_managed_key": [],
            "default_to_oauth_authentication": false,
            "edge_zone": "",
            "enable_https_traffic_only": true,
            "id": "/subscriptions/11e07d93-b7de-44c1-b006-7218b5fb3180/resourceGroups/snd-uat-abc-rg/providers/Microsoft.Storage/storageAccounts/snduatabcsa",
            "identity": [],
            "immutability_policy": [],
            "infrastructure_encryption_enabled": false,
            "is_hns_enabled": false,
            "large_file_share_enabled": null,
            "location": "eastus",
            "min_tls_version": "TLS1_2",
            "name": "snduatabcsa",
            "network_rules": [
              {
                "bypass": [
                  "AzureServices"
                ],
                "default_action": "Allow",
                "ip_rules": [],
                "private_link_access": [],
                "virtual_network_subnet_ids": []
              }
            ],
            "nfsv3_enabled": false,
            "primary_access_key": "V9+3azIvrN4dXGnbxwbY0BNX0U4N1qMEZ8mlr3j8fJrrnb5m9v6ou8H6uX+LYed/7mLJ7w6zSsAv+ASt6ZsCNA==",
            "primary_blob_connection_string": "DefaultEndpointsProtocol=https;BlobEndpoint=https://snduatabcsa.blob.core.windows.net/;AccountName=snduatabcsa;AccountKey=V9+3azIvrN4dXGnbxwbY0BNX0U4N1qMEZ8mlr3j8fJrrnb5m9v6ou8H6uX+LYed/7mLJ7w6zSsAv+ASt6ZsCNA==",
            "primary_blob_endpoint": "https://snduatabcsa.blob.core.windows.net/",
            "primary_blob_host": "snduatabcsa.blob.core.windows.net",
            "primary_connection_string": "DefaultEndpointsProtocol=https;AccountName=snduatabcsa;AccountKey=V9+3azIvrN4dXGnbxwbY0BNX0U4N1qMEZ8mlr3j8fJrrnb5m9v6ou8H6uX+LYed/7mLJ7w6zSsAv+ASt6ZsCNA==;EndpointSuffix=core.windows.net",
            "primary_dfs_endpoint": "https://snduatabcsa.dfs.core.windows.net/",
            "primary_dfs_host": "snduatabcsa.dfs.core.windows.net",
            "primary_file_endpoint": "https://snduatabcsa.file.core.windows.net/",
            "primary_file_host": "snduatabcsa.file.core.windows.net",
            "primary_location": "eastus",
            "primary_queue_endpoint": "https://snduatabcsa.queue.core.windows.net/",
            "primary_queue_host": "snduatabcsa.queue.core.windows.net",
            "primary_table_endpoint": "https://snduatabcsa.table.core.windows.net/",
            "primary_table_host": "snduatabcsa.table.core.windows.net",
            "primary_web_endpoint": "https://snduatabcsa.z13.web.core.windows.net/",
            "primary_web_host": "snduatabcsa.z13.web.core.windows.net",
            "public_network_access_enabled": true,
            "queue_encryption_key_type": "Service",
            "queue_properties": [
              {
                "cors_rule": [],
                "hour_metrics": [
                  {
                    "enabled": true,
                    "include_apis": true,
                    "retention_policy_days": 7,
                    "version": "1.0"
                  }
                ],
                "logging": [
                  {
                    "delete": false,
                    "read": false,
                    "retention_policy_days": 0,
                    "version": "1.0",
                    "write": false
                  }
                ],
                "minute_metrics": [
                  {
                    "enabled": false,
                    "include_apis": false,
                    "retention_policy_days": 0,
                    "version": "1.0"
                  }
                ]
              }
            ],
            "resource_group_name": "snd-uat-abc-rg",
            "routing": [],
            "sas_policy": [],
            "secondary_access_key": "fUWxkQhnCkoR0ePvzGn/XqVHpTO2QIhLuVV+jayYnBpNVstAjw9odbHTXciwdJQkwytYK1eKDE/p+ASt+CKKsg==",
            "secondary_blob_connection_string": "",
            "secondary_blob_endpoint": null,
            "secondary_blob_host": null,
            "secondary_connection_string": "DefaultEndpointsProtocol=https;AccountName=snduatabcsa;AccountKey=fUWxkQhnCkoR0ePvzGn/XqVHpTO2QIhLuVV+jayYnBpNVstAjw9odbHTXciwdJQkwytYK1eKDE/p+ASt+CKKsg==;EndpointSuffix=core.windows.net",
            "secondary_dfs_endpoint": null,
            "secondary_dfs_host": null,
            "secondary_file_endpoint": null,
            "secondary_file_host": null,
            "secondary_location": "",
            "secondary_queue_endpoint": null,
            "secondary_queue_host": null,
            "secondary_table_endpoint": null,
            "secondary_table_host": null,
            "secondary_web_endpoint": null,
            "secondary_web_host": null,
            "sftp_enabled": false,
            "share_properties": [
              {
                "cors_rule": [],
                "retention_policy": [
                  {
                    "days": 7
                  }
                ],
                "smb": []
              }
            ],
            "shared_access_key_enabled": true,
            "static_website": [],
            "table_encryption_key_type": "Service",
            "tags": {
              "Application": "CSP",
              "CreatedOn": "26JUL2023",
              "Owner": "nc",
              "department": "Infra \u0026 Apps",
              "environment": "dev"
            },
            "timeouts": null
          },
          "sensitive_attributes": [],
          "private": "eyJlMmJmYjczMC1lY2FhLTExZTYtOGY4OC0zNDM2M2JjN2M0YzAiOnsiY3JlYXRlIjozNjAwMDAwMDAwMDAwLCJkZWxldGUiOjM2MDAwMDAwMDAwMDAsInJlYWQiOjMwMDAwMDAwMDAwMCwidXBkYXRlIjozNjAwMDAwMDAwMDAwfSwic2NoZW1hX3ZlcnNpb24iOiI0In0=",
          "dependencies": [
            "azurerm_resource_group.rg"
          ]
        }
      ]
    }
  ],
  "check_results": null
}
